<?xml version="1.0" encoding="utf-8"?>
<Project ToolsVersion="4.0" xmlns="http://schemas.microsoft.com/developer/msbuild/2003">
  <ItemGroup>
    <Filter Include="src">
      <UniqueIdentifier>{3cc5d3fe-f4cc-4cb6-b619-9bf87a6f754d}</UniqueIdentifier>
    </Filter>
    <Filter Include="src\memory">
      <UniqueIdentifier>{c9ebd856-bdc7-41fa-8353-f6971ca8b66e}</UniqueIdentifier>
    </Filter>
    <Filter Include="src\renderer">
      <UniqueIdentifier>{0dff7313-2e75-4895-9c44-a729b31531f7}</UniqueIdentifier>
    </Filter>
    <Filter Include="contrib">
      <UniqueIdentifier>{7381c0ba-1148-46de-b81f-5a551ce64c45}</UniqueIdentifier>
    </Filter>
    <Filter Include="src\wow_client">
      <UniqueIdentifier>{3899d3ff-7f7f-41c2-8d5b-141da9b1bedb}</UniqueIdentifier>
    </Filter>
    <Filter Include="src\wow_client\world">
      <UniqueIdentifier>{10737b17-79a4-473f-b118-bd68333bb94e}</UniqueIdentifier>
    </Filter>
    <Filter Include="src\wow_client\lua">
      <UniqueIdentifier>{5a2e6154-cf69-4230-b193-489051a0e378}</UniqueIdentifier>
    </Filter>
    <Filter Include="src\wow_client\objects">
      <UniqueIdentifier>{959462a3-46d2-453d-af6f-c70a22442e5e}</UniqueIdentifier>
    </Filter>
    <Filter Include="src\mmaps">
      <UniqueIdentifier>{6fe9a440-d1b1-4182-b5ce-39a66e88b70d}</UniqueIdentifier>
    </Filter>
    <Filter Include="src\math">
      <UniqueIdentifier>{e59b793a-dfbc-41ca-a623-3eee41795f29}</UniqueIdentifier>
    </Filter>
    <Filter Include="src\utils">
      <UniqueIdentifier>{5017c277-b99c-4646-9082-912867944abb}</UniqueIdentifier>
    </Filter>
    <Filter Include="contrib\minhook">
      <UniqueIdentifier>{f59b9810-db41-4ca1-9cd3-223c651cc05d}</UniqueIdentifier>
    </Filter>
    <Filter Include="src\sniffer">
      <UniqueIdentifier>{b54fbe3c-0edc-457f-bc32-7b19ae2c29fa}</UniqueIdentifier>
    </Filter>
  </ItemGroup>
  <ItemGroup>
    <ClCompile Include="src\debugger\main.cpp">
      <Filter>src</Filter>
    </ClCompile>
    <ClCompile Include="src\debugger\renderer\Renderer.cpp">
      <Filter>src\renderer</Filter>
    </ClCompile>
    <ClCompile Include="src\debugger\Debugger.cpp">
      <Filter>src</Filter>
    </ClCompile>
    <ClCompile Include="src\debugger\wow_client\world\World.cpp">
      <Filter>src\wow_client\world</Filter>
    </ClCompile>
    <ClCompile Include="src\debugger\wow_client\lua\LuaState.cpp">
      <Filter>src\wow_client\lua</Filter>
    </ClCompile>
    <ClCompile Include="src\debugger\wow_client\objects\ObjectManager.cpp">
      <Filter>src\wow_client\objects</Filter>
    </ClCompile>
    <ClCompile Include="src\debugger\wow_client\objects\Player.cpp">
      <Filter>src\wow_client\objects</Filter>
    </ClCompile>
    <ClCompile Include="contrib\minhook\src\buffer.c">
      <Filter>contrib\minhook</Filter>
    </ClCompile>
    <ClCompile Include="contrib\minhook\src\HDE\hde32.c">
      <Filter>contrib\minhook</Filter>
    </ClCompile>
    <ClCompile Include="contrib\minhook\src\HDE\hde64.c">
      <Filter>contrib\minhook</Filter>
    </ClCompile>
    <ClCompile Include="contrib\minhook\src\hook.c">
      <Filter>contrib\minhook</Filter>
    </ClCompile>
    <ClCompile Include="contrib\minhook\src\trampoline.c">
      <Filter>contrib\minhook</Filter>
    </ClCompile>
    <ClCompile Include="src\debugger\wow_client\Camera.cpp">
      <Filter>src\wow_client</Filter>
    </ClCompile>
    <ClCompile Include="src\debugger\wow_client\Object.cpp">
      <Filter>src\wow_client</Filter>
    </ClCompile>
    <ClCompile Include="src\debugger\sniffer\PacketSniffer.cpp">
      <Filter>src\sniffer</Filter>
    </ClCompile>
    <ClCompile Include="src\debugger\wow_client\lua\LuaFrame.cpp">
      <Filter>src\wow_client\lua</Filter>
    </ClCompile>
    <ClCompile Include="src\debugger\mmaps\NavMeshDebugger.cpp">
      <Filter>src\mmaps</Filter>
    </ClCompile>
  </ItemGroup>
  <ItemGroup>
    <ClInclude Include="src\debugger\renderer\Renderer.hpp">
      <Filter>src\renderer</Filter>
    </ClInclude>
    <ClInclude Include="src\debugger\wow_client\Camera.hpp">
      <Filter>src\wow_client</Filter>
    </ClInclude>
    <ClInclude Include="src\debugger\wow_client\Location.hpp">
      <Filter>src\wow_client</Filter>
    </ClInclude>
    <ClInclude Include="src\debugger\memory\ProcessMemory.hpp">
      <Filter>src\memory</Filter>
    </ClInclude>
    <ClInclude Include="src\debugger\Debugger.hpp">
      <Filter>src</Filter>
    </ClInclude>
    <ClInclude Include="src\debugger\wow_client\Offsets.hpp">
      <Filter>src\wow_client</Filter>
    </ClInclude>
    <ClInclude Include="src\debugger\wow_client\world\World.hpp">
      <Filter>src\wow_client\world</Filter>
    </ClInclude>
    <ClInclude Include="src\debugger\wow_client\lua\LuaState.hpp">
      <Filter>src\wow_client\lua</Filter>
    </ClInclude>
    <ClInclude Include="src\debugger\wow_client\objects\ObjectManager.hpp">
      <Filter>src\wow_client\objects</Filter>
    </ClInclude>
    <ClInclude Include="src\debugger\wow_client\objects\Player.hpp">
      <Filter>src\wow_client\objects</Filter>
    </ClInclude>
    <ClInclude Include="src\debugger\mmaps\NavMesh.hpp">
      <Filter>src\mmaps</Filter>
    </ClInclude>
    <ClInclude Include="src\debugger\math\Vector.hpp">
      <Filter>src\math</Filter>
    </ClInclude>
    <ClInclude Include="src\debugger\utils\String.hpp">
      <Filter>src\utils</Filter>
    </ClInclude>
    <ClInclude Include="contrib\minhook\src\buffer.h">
      <Filter>contrib\minhook</Filter>
    </ClInclude>
    <ClInclude Include="contrib\minhook\src\HDE\hde32.h">
      <Filter>contrib\minhook</Filter>
    </ClInclude>
    <ClInclude Include="contrib\minhook\src\HDE\hde64.h">
      <Filter>contrib\minhook</Filter>
    </ClInclude>
    <ClInclude Include="contrib\minhook\src\HDE\pstdint.h">
      <Filter>contrib\minhook</Filter>
    </ClInclude>
    <ClInclude Include="contrib\minhook\src\HDE\table32.h">
      <Filter>contrib\minhook</Filter>
    </ClInclude>
    <ClInclude Include="contrib\minhook\src\HDE\table64.h">
      <Filter>contrib\minhook</Filter>
    </ClInclude>
    <ClInclude Include="contrib\minhook\src\trampoline.h">
      <Filter>contrib\minhook</Filter>
    </ClInclude>
    <ClInclude Include="src\debugger\wow_client\lua\LuaFrame.hpp">
      <Filter>src\wow_client\lua</Filter>
    </ClInclude>
    <ClInclude Include="src\debugger\wow_client\Object.hpp">
      <Filter>src\wow_client</Filter>
    </ClInclude>
    <ClInclude Include="src\debugger\sniffer\PacketSniffer.hpp">
      <Filter>src\sniffer</Filter>
    </ClInclude>
    <ClInclude Include="src\debugger\mmaps\NavMeshDebugger.hpp">
      <Filter>src\mmaps</Filter>
    </ClInclude>
  </ItemGroup>
</Project>